
Microsoft Visual Studio Solution File, Format Version 12.00
# Visual Studio Version 16
VisualStudioVersion = 16.0.30406.217
MinimumVisualStudioVersion = 10.0.40219.1
Project("{FAE04EC0-301F-11D3-BF4B-00C04F79EFBC}") = "Plandomizer", "Plandomizer.csproj", "{77D6FDDA-52E4-4A3C-8C9E-0221287A8827}"
EndProject
Global
	GlobalSection(SolutionConfigurationPlatforms) = preSolution
		Debug|Any CPU = Debug|Any CPU
		Release|Any CPU = Release|Any CPU
	EndGlobalSection
	GlobalSection(ProjectConfigurationPlatforms) = postSolution
		{77D6FDDA-52E4-4A3C-8C9E-0221287A8827}.Debug|Any CPU.ActiveCfg = Debug|Any CPU
		{77D6FDDA-52E4-4A3C-8C9E-0221287A8827}.Debug|Any CPU.Build.0 = Debug|Any CPU
		{77D6FDDA-52E4-4A3C-8C9E-0221287A8827}.Release|Any CPU.ActiveCfg = Release|Any CPU
		{77D6FDDA-52E4-4A3C-8C9E-0221287A8827}.Release|Any CPU.Build.0 = Release|Any CPU
	EndGlobalSection
	GlobalSection(SolutionProperties) = preSolution
		HideSolutionNode = FALSE
	EndGlobalSection
	GlobalSection(ExtensibilityGlobals) = postSolution
		SolutionGuid = {F129DB40-CBAA-4A48-B93E-87B2266C2D3D}
	EndGlobalSection
EndGlobal
